
Microsoft Visual Studio Solution File, Format Version 12.00
# Visual Studio Version 16
VisualStudioVersion = 16.0.30621.155
MinimumVisualStudioVersion = 10.0.40219.1
Project("{8BC9CEB8-8B4A-11D0-8D11-00A0C91BC942}") = "szyfrowanie", "szyfrowanie\szyfrowanie.vcxproj", "{6812AC48-8BC9-4C4F-B71C-02B1D9534E31}"
EndProject
Global
	GlobalSection(SolutionConfigurationPlatforms) = preSolution
		Debug|x64 = Debug|x64
		Debug|x86 = Debug|x86
		Release|x64 = Release|x64
		Release|x86 = Release|x86
	EndGlobalSection
	GlobalSection(ProjectConfigurationPlatforms) = postSolution
		{6812AC48-8BC9-4C4F-B71C-02B1D9534E31}.Debug|x64.ActiveCfg = Debug|x64
		{6812AC48-8BC9-4C4F-B71C-02B1D9534E31}.Debug|x64.Build.0 = Debug|x64
		{6812AC48-8BC9-4C4F-B71C-02B1D9534E31}.Debug|x86.ActiveCfg = Debug|Win32
		{6812AC48-8BC9-4C4F-B71C-02B1D9534E31}.Debug|x86.Build.0 = Debug|Win32
		{6812AC48-8BC9-4C4F-B71C-02B1D9534E31}.Release|x64.ActiveCfg = Release|x64
		{6812AC48-8BC9-4C4F-B71C-02B1D9534E31}.Release|x64.Build.0 = Release|x64
		{6812AC48-8BC9-4C4F-B71C-02B1D9534E31}.Release|x86.ActiveCfg = Release|Win32
		{6812AC48-8BC9-4C4F-B71C-02B1D9534E31}.Release|x86.Build.0 = Release|Win32
	EndGlobalSection
	GlobalSection(SolutionProperties) = preSolution
		HideSolutionNode = FALSE
	EndGlobalSection
	GlobalSection(ExtensibilityGlobals) = postSolution
		SolutionGuid = {35F3B100-C25C-4895-88DD-92984394498E}
	EndGlobalSection
EndGlobal
